
Microsoft Visual Studio Solution File, Format Version 12.00
# Visual Studio Version 17
VisualStudioVersion = 17.12.35707.178 d17.12
MinimumVisualStudioVersion = 10.0.40219.1
Project("{FAE04EC0-301F-11D3-BF4B-00C04F79EFBC}") = "Utils.Guid256", "Utils.Guid256.csproj", "{D60D311C-750B-4D56-89D8-A2E7E09086CE}"
EndProject
Project("{FAE04EC0-301F-11D3-BF4B-00C04F79EFBC}") = "Utils.Guid256.XUnitTest", "..\Utils.Guid256.XUnitTest\Utils.Guid256.XUnitTest.csproj", "{C9ECA58F-AB80-4600-9096-198A898D7824}"
EndProject
Global
	GlobalSection(SolutionConfigurationPlatforms) = preSolution
		Debug|Any CPU = Debug|Any CPU
		Release|Any CPU = Release|Any CPU
	EndGlobalSection
	GlobalSection(ProjectConfigurationPlatforms) = postSolution
		{D60D311C-750B-4D56-89D8-A2E7E09086CE}.Debug|Any CPU.ActiveCfg = Debug|Any CPU
		{D60D311C-750B-4D56-89D8-A2E7E09086CE}.Debug|Any CPU.Build.0 = Debug|Any CPU
		{D60D311C-750B-4D56-89D8-A2E7E09086CE}.Release|Any CPU.ActiveCfg = Release|Any CPU
		{D60D311C-750B-4D56-89D8-A2E7E09086CE}.Release|Any CPU.Build.0 = Release|Any CPU
		{C9ECA58F-AB80-4600-9096-198A898D7824}.Debug|Any CPU.ActiveCfg = Debug|Any CPU
		{C9ECA58F-AB80-4600-9096-198A898D7824}.Debug|Any CPU.Build.0 = Debug|Any CPU
		{C9ECA58F-AB80-4600-9096-198A898D7824}.Release|Any CPU.ActiveCfg = Release|Any CPU
		{C9ECA58F-AB80-4600-9096-198A898D7824}.Release|Any CPU.Build.0 = Release|Any CPU
	EndGlobalSection
	GlobalSection(SolutionProperties) = preSolution
		HideSolutionNode = FALSE
	EndGlobalSection
EndGlobal
