
Microsoft Visual Studio Solution File, Format Version 12.00
# Visual Studio Version 17
VisualStudioVersion = 17.12.35707.178
MinimumVisualStudioVersion = 10.0.40219.1
Project("{FAE04EC0-301F-11D3-BF4B-00C04F79EFBC}") = "Utils.Guid256", "Utils.Guid256.csproj", "{D60D311C-750B-4D56-89D8-A2E7E09086CE}"
EndProject
Project("{FAE04EC0-301F-11D3-BF4B-00C04F79EFBC}") = "Utils.Guid256.XUnitTest", "Utils.Guid256.XUnitTest\Utils.Guid256.XUnitTest.csproj", "{1F1B5B9A-6F63-449A-9624-43B640FFB1B3}"
EndProject
Project("{FAE04EC0-301F-11D3-BF4B-00C04F79EFBC}") = "Utils.Guid256.SandboxConsole", "..\Utils.Guid256.SandboxConsole\Utils.Guid256.SandboxConsole.csproj", "{332FE4D9-DF44-45EF-92C3-3FB3474B0946}"
EndProject
Project("{FAE04EC0-301F-11D3-BF4B-00C04F79EFBC}") = "Utils.Guid256.Benchmark", "..\Utils.Guid256.Benchmark\Utils.Guid256.Benchmark.csproj", "{99DC236D-4BB2-4AEE-A6BF-68355114F28B}"
EndProject
Global
	GlobalSection(SolutionConfigurationPlatforms) = preSolution
		Debug|Any CPU = Debug|Any CPU
		Release|Any CPU = Release|Any CPU
	EndGlobalSection
	GlobalSection(ProjectConfigurationPlatforms) = postSolution
		{D60D311C-750B-4D56-89D8-A2E7E09086CE}.Debug|Any CPU.ActiveCfg = Debug|Any CPU
		{D60D311C-750B-4D56-89D8-A2E7E09086CE}.Debug|Any CPU.Build.0 = Debug|Any CPU
		{D60D311C-750B-4D56-89D8-A2E7E09086CE}.Release|Any CPU.ActiveCfg = Release|Any CPU
		{D60D311C-750B-4D56-89D8-A2E7E09086CE}.Release|Any CPU.Build.0 = Release|Any CPU
		{1F1B5B9A-6F63-449A-9624-43B640FFB1B3}.Debug|Any CPU.ActiveCfg = Debug|Any CPU
		{1F1B5B9A-6F63-449A-9624-43B640FFB1B3}.Debug|Any CPU.Build.0 = Debug|Any CPU
		{1F1B5B9A-6F63-449A-9624-43B640FFB1B3}.Release|Any CPU.ActiveCfg = Release|Any CPU
		{1F1B5B9A-6F63-449A-9624-43B640FFB1B3}.Release|Any CPU.Build.0 = Release|Any CPU
		{332FE4D9-DF44-45EF-92C3-3FB3474B0946}.Debug|Any CPU.ActiveCfg = Debug|Any CPU
		{332FE4D9-DF44-45EF-92C3-3FB3474B0946}.Debug|Any CPU.Build.0 = Debug|Any CPU
		{332FE4D9-DF44-45EF-92C3-3FB3474B0946}.Release|Any CPU.ActiveCfg = Release|Any CPU
		{332FE4D9-DF44-45EF-92C3-3FB3474B0946}.Release|Any CPU.Build.0 = Release|Any CPU
		{99DC236D-4BB2-4AEE-A6BF-68355114F28B}.Debug|Any CPU.ActiveCfg = Debug|Any CPU
		{99DC236D-4BB2-4AEE-A6BF-68355114F28B}.Debug|Any CPU.Build.0 = Debug|Any CPU
		{99DC236D-4BB2-4AEE-A6BF-68355114F28B}.Release|Any CPU.ActiveCfg = Release|Any CPU
		{99DC236D-4BB2-4AEE-A6BF-68355114F28B}.Release|Any CPU.Build.0 = Release|Any CPU
	EndGlobalSection
	GlobalSection(SolutionProperties) = preSolution
		HideSolutionNode = FALSE
	EndGlobalSection
EndGlobal
